
Microsoft Visual Studio Solution File, Format Version 12.00
# Visual Studio Version 17
VisualStudioVersion = 17.8.34525.116
MinimumVisualStudioVersion = 10.0.40219.1
Project("{8BC9CEB8-8B4A-11D0-8D11-00A0C91BC942}") = "Project1Revision", "Project1Revision.vcxproj", "{FDD24195-2B76-44FA-B10A-0BCA54361561}"
EndProject
Global
	GlobalSection(SolutionConfigurationPlatforms) = preSolution
		Debug|x64 = Debug|x64
		Debug|x86 = Debug|x86
		Release|x64 = Release|x64
		Release|x86 = Release|x86
	EndGlobalSection
	GlobalSection(ProjectConfigurationPlatforms) = postSolution
		{FDD24195-2B76-44FA-B10A-0BCA54361561}.Debug|x64.ActiveCfg = Debug|x64
		{FDD24195-2B76-44FA-B10A-0BCA54361561}.Debug|x64.Build.0 = Debug|x64
		{FDD24195-2B76-44FA-B10A-0BCA54361561}.Debug|x86.ActiveCfg = Debug|Win32
		{FDD24195-2B76-44FA-B10A-0BCA54361561}.Debug|x86.Build.0 = Debug|Win32
		{FDD24195-2B76-44FA-B10A-0BCA54361561}.Release|x64.ActiveCfg = Release|x64
		{FDD24195-2B76-44FA-B10A-0BCA54361561}.Release|x64.Build.0 = Release|x64
		{FDD24195-2B76-44FA-B10A-0BCA54361561}.Release|x86.ActiveCfg = Release|Win32
		{FDD24195-2B76-44FA-B10A-0BCA54361561}.Release|x86.Build.0 = Release|Win32
	EndGlobalSection
	GlobalSection(SolutionProperties) = preSolution
		HideSolutionNode = FALSE
	EndGlobalSection
	GlobalSection(ExtensibilityGlobals) = postSolution
		SolutionGuid = {C73F5639-55A1-4930-B2B7-0FE012DE007C}
	EndGlobalSection
EndGlobal
